
Microsoft Visual Studio Solution File, Format Version 12.00
# Visual Studio Version 17
VisualStudioVersion = 17.0.31903.59
MinimumVisualStudioVersion = 10.0.40219.1
Project("{F2A71F9B-5D33-465A-A702-920D77279786}") = "BrewUp.Shared.FSharp", "BrewUp.Shared.FSharp\BrewUp.Shared.FSharp.fsproj", "{C02950BE-332F-41CB-91D9-2187ACB61ABD}"
EndProject
Project("{F2A71F9B-5D33-465A-A702-920D77279786}") = "BrewUp.Infrastructure.FSharp", "BrewUp.Infrastructure.FSharp\BrewUp.Infrastructure.FSharp.fsproj", "{98F9A6FC-4E14-4594-B4B8-B72FAD49D2CE}"
EndProject
Project("{F2A71F9B-5D33-465A-A702-920D77279786}") = "BrewUp.Rest.FSharp", "BrewUp.Rest.FSharp\BrewUp.Rest.FSharp.fsproj", "{D537BD5A-45EC-4C60-9F39-B65E3A3F3790}"
EndProject
Project("{2150E333-8FDC-42A3-9474-1A3956D46DE8}") = "Sales.FSharp", "Sales.FSharp", "{4D97161F-33E2-70A5-7AE2-3646E48F63EF}"
EndProject
Project("{F2A71F9B-5D33-465A-A702-920D77279786}") = "BrewUp.Sales.SharedKernel.FSharp", "Sales.FSharp\BrewUp.Sales.SharedKernel.FSharp\BrewUp.Sales.SharedKernel.FSharp.fsproj", "{3EBE7DA9-9A84-422F-BF5E-8D86CA7D9CAB}"
EndProject
Project("{F2A71F9B-5D33-465A-A702-920D77279786}") = "BrewUp.Sales.Entities.FSharp", "Sales.FSharp\BrewUp.Sales.Entities.FSharp\BrewUp.Sales.Entities.FSharp.fsproj", "{7ECB9FD4-9953-46A3-ACA5-1945FA09250B}"
EndProject
Project("{F2A71F9B-5D33-465A-A702-920D77279786}") = "BrewUp.Sales.Domain.FSharp", "Sales.FSharp\BrewUp.Sales.Domain.FSharp\BrewUp.Sales.Domain.FSharp.fsproj", "{DA136613-C283-4F75-BC31-8F579F7E85C0}"
EndProject
Project("{F2A71F9B-5D33-465A-A702-920D77279786}") = "BrewUp.Sales.ReadModel.FSharp", "Sales.FSharp\BrewUp.Sales.ReadModel.FSharp\BrewUp.Sales.ReadModel.FSharp.fsproj", "{09CD3653-8253-4710-88C4-B382CBB847EE}"
EndProject
Project("{F2A71F9B-5D33-465A-A702-920D77279786}") = "BrewUp.Sales.Infrastructure.FSharp", "Sales.FSharp\BrewUp.Sales.Infrastructure.FSharp\BrewUp.Sales.Infrastructure.FSharp.fsproj", "{F9CCFF18-A3EB-4935-BA27-392018E1066E}"
EndProject
Project("{F2A71F9B-5D33-465A-A702-920D77279786}") = "BrewUp.Sales.Facade.FSharp", "Sales.FSharp\BrewUp.Sales.Facade.FSharp\BrewUp.Sales.Facade.FSharp.fsproj", "{B2BE7312-FCC2-4CEF-9DE1-967AA3A76BEB}"
EndProject
Project("{2150E333-8FDC-42A3-9474-1A3956D46DE8}") = "Purchase.FSharp", "Purchase.FSharp", "{66526CE0-6C62-AD0A-FDC7-0CF249426FA0}"
EndProject
Project("{F2A71F9B-5D33-465A-A702-920D77279786}") = "BrewUp.Purchase.SharedKernel.FSharp", "Purchase.FSharp\BrewUp.Purchase.SharedKernel.FSharp\BrewUp.Purchase.SharedKernel.FSharp.fsproj", "{C3676A64-0C9B-4900-A093-EB3D7F50AD5F}"
EndProject
Project("{F2A71F9B-5D33-465A-A702-920D77279786}") = "BrewUp.Purchase.Domain.FSharp", "Purchase.FSharp\BrewUp.Purchase.Domain.FSharp\BrewUp.Purchase.Domain.FSharp.fsproj", "{8341791D-0317-4D1C-946F-BBED0F35D633}"
EndProject
Project("{F2A71F9B-5D33-465A-A702-920D77279786}") = "BrewUp.Purchase.Facade.FSharp", "Purchase.FSharp\BrewUp.Purchase.Facade.FSharp\BrewUp.Purchase.Facade.FSharp.fsproj", "{CEEBAE03-3FE1-49E5-A140-3ED85B47D161}"
EndProject
Project("{2150E333-8FDC-42A3-9474-1A3956D46DE8}") = "Warehouse.FSharp", "Warehouse.FSharp", "{77636DE0-7D72-BE1B-GEC8-1DF359526GB1}"
EndProject
Project("{F2A71F9B-5D33-465A-A702-920D77279786}") = "BrewUp.Warehouse.SharedKernel.FSharp", "Warehouse.FSharp\BrewUp.Warehouse.SharedKernel.FSharp\BrewUp.Warehouse.SharedKernel.FSharp.fsproj", "{D4677B65-1C9C-4A01-B194-FC4E8G61BE6G}"
EndProject
Project("{F2A71F9B-5D33-465A-A702-920D77279786}") = "BrewUp.Warehouse.Domain.FSharp", "Warehouse.FSharp\BrewUp.Warehouse.Domain.FSharp\BrewUp.Warehouse.Domain.FSharp.fsproj", "{9452891E-1428-4E2D-A57G-CCFE1G46E724}"
EndProject
Project("{F2A71F9B-5D33-465A-A702-920D77279786}") = "BrewUp.Warehouse.Facade.FSharp", "Warehouse.FSharp\BrewUp.Warehouse.Facade.FSharp\BrewUp.Warehouse.Facade.FSharp.fsproj", "{DFFECF14-4GF2-4AF6-B251-4FE96C58E262}"
EndProject
Global
	GlobalSection(SolutionConfigurationPlatforms) = preSolution
		Debug|Any CPU = Debug|Any CPU
		Debug|x64 = Debug|x64
		Debug|x86 = Debug|x86
		Release|Any CPU = Release|Any CPU
		Release|x64 = Release|x64
		Release|x86 = Release|x86
	EndGlobalSection
	GlobalSection(ProjectConfigurationPlatforms) = postSolution
		{C02950BE-332F-41CB-91D9-2187ACB61ABD}.Debug|Any CPU.ActiveCfg = Debug|Any CPU
		{C02950BE-332F-41CB-91D9-2187ACB61ABD}.Debug|Any CPU.Build.0 = Debug|Any CPU
		{C02950BE-332F-41CB-91D9-2187ACB61ABD}.Debug|x64.ActiveCfg = Debug|Any CPU
		{C02950BE-332F-41CB-91D9-2187ACB61ABD}.Debug|x64.Build.0 = Debug|Any CPU
		{C02950BE-332F-41CB-91D9-2187ACB61ABD}.Debug|x86.ActiveCfg = Debug|Any CPU
		{C02950BE-332F-41CB-91D9-2187ACB61ABD}.Debug|x86.Build.0 = Debug|Any CPU
		{C02950BE-332F-41CB-91D9-2187ACB61ABD}.Release|Any CPU.ActiveCfg = Release|Any CPU
		{C02950BE-332F-41CB-91D9-2187ACB61ABD}.Release|Any CPU.Build.0 = Release|Any CPU
		{C02950BE-332F-41CB-91D9-2187ACB61ABD}.Release|x64.ActiveCfg = Release|Any CPU
		{C02950BE-332F-41CB-91D9-2187ACB61ABD}.Release|x64.Build.0 = Release|Any CPU
		{C02950BE-332F-41CB-91D9-2187ACB61ABD}.Release|x86.ActiveCfg = Release|Any CPU
		{C02950BE-332F-41CB-91D9-2187ACB61ABD}.Release|x86.Build.0 = Release|Any CPU
		{98F9A6FC-4E14-4594-B4B8-B72FAD49D2CE}.Debug|Any CPU.ActiveCfg = Debug|Any CPU
		{98F9A6FC-4E14-4594-B4B8-B72FAD49D2CE}.Debug|Any CPU.Build.0 = Debug|Any CPU
		{98F9A6FC-4E14-4594-B4B8-B72FAD49D2CE}.Debug|x64.ActiveCfg = Debug|Any CPU
		{98F9A6FC-4E14-4594-B4B8-B72FAD49D2CE}.Debug|x64.Build.0 = Debug|Any CPU
		{98F9A6FC-4E14-4594-B4B8-B72FAD49D2CE}.Debug|x86.ActiveCfg = Debug|Any CPU
		{98F9A6FC-4E14-4594-B4B8-B72FAD49D2CE}.Debug|x86.Build.0 = Debug|Any CPU
		{98F9A6FC-4E14-4594-B4B8-B72FAD49D2CE}.Release|Any CPU.ActiveCfg = Release|Any CPU
		{98F9A6FC-4E14-4594-B4B8-B72FAD49D2CE}.Release|Any CPU.Build.0 = Release|Any CPU
		{98F9A6FC-4E14-4594-B4B8-B72FAD49D2CE}.Release|x64.ActiveCfg = Release|Any CPU
		{98F9A6FC-4E14-4594-B4B8-B72FAD49D2CE}.Release|x64.Build.0 = Release|Any CPU
		{98F9A6FC-4E14-4594-B4B8-B72FAD49D2CE}.Release|x86.ActiveCfg = Release|Any CPU
		{98F9A6FC-4E14-4594-B4B8-B72FAD49D2CE}.Release|x86.Build.0 = Release|Any CPU
		{D537BD5A-45EC-4C60-9F39-B65E3A3F3790}.Debug|Any CPU.ActiveCfg = Debug|Any CPU
		{D537BD5A-45EC-4C60-9F39-B65E3A3F3790}.Debug|Any CPU.Build.0 = Debug|Any CPU
		{D537BD5A-45EC-4C60-9F39-B65E3A3F3790}.Debug|x64.ActiveCfg = Debug|Any CPU
		{D537BD5A-45EC-4C60-9F39-B65E3A3F3790}.Debug|x64.Build.0 = Debug|Any CPU
		{D537BD5A-45EC-4C60-9F39-B65E3A3F3790}.Debug|x86.ActiveCfg = Debug|Any CPU
		{D537BD5A-45EC-4C60-9F39-B65E3A3F3790}.Debug|x86.Build.0 = Debug|Any CPU
		{D537BD5A-45EC-4C60-9F39-B65E3A3F3790}.Release|Any CPU.ActiveCfg = Release|Any CPU
		{D537BD5A-45EC-4C60-9F39-B65E3A3F3790}.Release|Any CPU.Build.0 = Release|Any CPU
		{D537BD5A-45EC-4C60-9F39-B65E3A3F3790}.Release|x64.ActiveCfg = Release|Any CPU
		{D537BD5A-45EC-4C60-9F39-B65E3A3F3790}.Release|x64.Build.0 = Release|Any CPU
		{D537BD5A-45EC-4C60-9F39-B65E3A3F3790}.Release|x86.ActiveCfg = Release|Any CPU
		{D537BD5A-45EC-4C60-9F39-B65E3A3F3790}.Release|x86.Build.0 = Release|Any CPU
		{3EBE7DA9-9A84-422F-BF5E-8D86CA7D9CAB}.Debug|Any CPU.ActiveCfg = Debug|Any CPU
		{3EBE7DA9-9A84-422F-BF5E-8D86CA7D9CAB}.Debug|Any CPU.Build.0 = Debug|Any CPU
		{3EBE7DA9-9A84-422F-BF5E-8D86CA7D9CAB}.Debug|x64.ActiveCfg = Debug|Any CPU
		{3EBE7DA9-9A84-422F-BF5E-8D86CA7D9CAB}.Debug|x64.Build.0 = Debug|Any CPU
		{3EBE7DA9-9A84-422F-BF5E-8D86CA7D9CAB}.Debug|x86.ActiveCfg = Debug|Any CPU
		{3EBE7DA9-9A84-422F-BF5E-8D86CA7D9CAB}.Debug|x86.Build.0 = Debug|Any CPU
		{3EBE7DA9-9A84-422F-BF5E-8D86CA7D9CAB}.Release|Any CPU.ActiveCfg = Release|Any CPU
		{3EBE7DA9-9A84-422F-BF5E-8D86CA7D9CAB}.Release|Any CPU.Build.0 = Release|Any CPU
		{3EBE7DA9-9A84-422F-BF5E-8D86CA7D9CAB}.Release|x64.ActiveCfg = Release|Any CPU
		{3EBE7DA9-9A84-422F-BF5E-8D86CA7D9CAB}.Release|x64.Build.0 = Release|Any CPU
		{3EBE7DA9-9A84-422F-BF5E-8D86CA7D9CAB}.Release|x86.ActiveCfg = Release|Any CPU
		{3EBE7DA9-9A84-422F-BF5E-8D86CA7D9CAB}.Release|x86.Build.0 = Release|Any CPU
		{7ECB9FD4-9953-46A3-ACA5-1945FA09250B}.Debug|Any CPU.ActiveCfg = Debug|Any CPU
		{7ECB9FD4-9953-46A3-ACA5-1945FA09250B}.Debug|Any CPU.Build.0 = Debug|Any CPU
		{7ECB9FD4-9953-46A3-ACA5-1945FA09250B}.Debug|x64.ActiveCfg = Debug|Any CPU
		{7ECB9FD4-9953-46A3-ACA5-1945FA09250B}.Debug|x64.Build.0 = Debug|Any CPU
		{7ECB9FD4-9953-46A3-ACA5-1945FA09250B}.Debug|x86.ActiveCfg = Debug|Any CPU
		{7ECB9FD4-9953-46A3-ACA5-1945FA09250B}.Debug|x86.Build.0 = Debug|Any CPU
		{7ECB9FD4-9953-46A3-ACA5-1945FA09250B}.Release|Any CPU.ActiveCfg = Release|Any CPU
		{7ECB9FD4-9953-46A3-ACA5-1945FA09250B}.Release|Any CPU.Build.0 = Release|Any CPU
		{7ECB9FD4-9953-46A3-ACA5-1945FA09250B}.Release|x64.ActiveCfg = Release|Any CPU
		{7ECB9FD4-9953-46A3-ACA5-1945FA09250B}.Release|x64.Build.0 = Release|Any CPU
		{7ECB9FD4-9953-46A3-ACA5-1945FA09250B}.Release|x86.ActiveCfg = Release|Any CPU
		{7ECB9FD4-9953-46A3-ACA5-1945FA09250B}.Release|x86.Build.0 = Release|Any CPU
		{DA136613-C283-4F75-BC31-8F579F7E85C0}.Debug|Any CPU.ActiveCfg = Debug|Any CPU
		{DA136613-C283-4F75-BC31-8F579F7E85C0}.Debug|Any CPU.Build.0 = Debug|Any CPU
		{DA136613-C283-4F75-BC31-8F579F7E85C0}.Debug|x64.ActiveCfg = Debug|Any CPU
		{DA136613-C283-4F75-BC31-8F579F7E85C0}.Debug|x64.Build.0 = Debug|Any CPU
		{DA136613-C283-4F75-BC31-8F579F7E85C0}.Debug|x86.ActiveCfg = Debug|Any CPU
		{DA136613-C283-4F75-BC31-8F579F7E85C0}.Debug|x86.Build.0 = Debug|Any CPU
		{DA136613-C283-4F75-BC31-8F579F7E85C0}.Release|Any CPU.ActiveCfg = Release|Any CPU
		{DA136613-C283-4F75-BC31-8F579F7E85C0}.Release|Any CPU.Build.0 = Release|Any CPU
		{DA136613-C283-4F75-BC31-8F579F7E85C0}.Release|x64.ActiveCfg = Release|Any CPU
		{DA136613-C283-4F75-BC31-8F579F7E85C0}.Release|x64.Build.0 = Release|Any CPU
		{DA136613-C283-4F75-BC31-8F579F7E85C0}.Release|x86.ActiveCfg = Release|Any CPU
		{DA136613-C283-4F75-BC31-8F579F7E85C0}.Release|x86.Build.0 = Release|Any CPU
		{09CD3653-8253-4710-88C4-B382CBB847EE}.Debug|Any CPU.ActiveCfg = Debug|Any CPU
		{09CD3653-8253-4710-88C4-B382CBB847EE}.Debug|Any CPU.Build.0 = Debug|Any CPU
		{09CD3653-8253-4710-88C4-B382CBB847EE}.Debug|x64.ActiveCfg = Debug|Any CPU
		{09CD3653-8253-4710-88C4-B382CBB847EE}.Debug|x64.Build.0 = Debug|Any CPU
		{09CD3653-8253-4710-88C4-B382CBB847EE}.Debug|x86.ActiveCfg = Debug|Any CPU
		{09CD3653-8253-4710-88C4-B382CBB847EE}.Debug|x86.Build.0 = Debug|Any CPU
		{09CD3653-8253-4710-88C4-B382CBB847EE}.Release|Any CPU.ActiveCfg = Release|Any CPU
		{09CD3653-8253-4710-88C4-B382CBB847EE}.Release|Any CPU.Build.0 = Release|Any CPU
		{09CD3653-8253-4710-88C4-B382CBB847EE}.Release|x64.ActiveCfg = Release|Any CPU
		{09CD3653-8253-4710-88C4-B382CBB847EE}.Release|x64.Build.0 = Release|Any CPU
		{09CD3653-8253-4710-88C4-B382CBB847EE}.Release|x86.ActiveCfg = Release|Any CPU
		{09CD3653-8253-4710-88C4-B382CBB847EE}.Release|x86.Build.0 = Release|Any CPU
		{F9CCFF18-A3EB-4935-BA27-392018E1066E}.Debug|Any CPU.ActiveCfg = Debug|Any CPU
		{F9CCFF18-A3EB-4935-BA27-392018E1066E}.Debug|Any CPU.Build.0 = Debug|Any CPU
		{F9CCFF18-A3EB-4935-BA27-392018E1066E}.Debug|x64.ActiveCfg = Debug|Any CPU
		{F9CCFF18-A3EB-4935-BA27-392018E1066E}.Debug|x64.Build.0 = Debug|Any CPU
		{F9CCFF18-A3EB-4935-BA27-392018E1066E}.Debug|x86.ActiveCfg = Debug|Any CPU
		{F9CCFF18-A3EB-4935-BA27-392018E1066E}.Debug|x86.Build.0 = Debug|Any CPU
		{F9CCFF18-A3EB-4935-BA27-392018E1066E}.Release|Any CPU.ActiveCfg = Release|Any CPU
		{F9CCFF18-A3EB-4935-BA27-392018E1066E}.Release|Any CPU.Build.0 = Release|Any CPU
		{F9CCFF18-A3EB-4935-BA27-392018E1066E}.Release|x64.ActiveCfg = Release|Any CPU
		{F9CCFF18-A3EB-4935-BA27-392018E1066E}.Release|x64.Build.0 = Release|Any CPU
		{F9CCFF18-A3EB-4935-BA27-392018E1066E}.Release|x86.ActiveCfg = Release|Any CPU
		{F9CCFF18-A3EB-4935-BA27-392018E1066E}.Release|x86.Build.0 = Release|Any CPU
		{B2BE7312-FCC2-4CEF-9DE1-967AA3A76BEB}.Debug|Any CPU.ActiveCfg = Debug|Any CPU
		{B2BE7312-FCC2-4CEF-9DE1-967AA3A76BEB}.Debug|Any CPU.Build.0 = Debug|Any CPU
		{B2BE7312-FCC2-4CEF-9DE1-967AA3A76BEB}.Debug|x64.ActiveCfg = Debug|Any CPU
		{B2BE7312-FCC2-4CEF-9DE1-967AA3A76BEB}.Debug|x64.Build.0 = Debug|Any CPU
		{B2BE7312-FCC2-4CEF-9DE1-967AA3A76BEB}.Debug|x86.ActiveCfg = Debug|Any CPU
		{B2BE7312-FCC2-4CEF-9DE1-967AA3A76BEB}.Debug|x86.Build.0 = Debug|Any CPU
		{B2BE7312-FCC2-4CEF-9DE1-967AA3A76BEB}.Release|Any CPU.ActiveCfg = Release|Any CPU
		{B2BE7312-FCC2-4CEF-9DE1-967AA3A76BEB}.Release|Any CPU.Build.0 = Release|Any CPU
		{B2BE7312-FCC2-4CEF-9DE1-967AA3A76BEB}.Release|x64.ActiveCfg = Release|Any CPU
		{B2BE7312-FCC2-4CEF-9DE1-967AA3A76BEB}.Release|x64.Build.0 = Release|Any CPU
		{B2BE7312-FCC2-4CEF-9DE1-967AA3A76BEB}.Release|x86.ActiveCfg = Release|Any CPU
		{B2BE7312-FCC2-4CEF-9DE1-967AA3A76BEB}.Release|x86.Build.0 = Release|Any CPU
		{C3676A64-0C9B-4900-A093-EB3D7F50AD5F}.Debug|Any CPU.ActiveCfg = Debug|Any CPU
		{C3676A64-0C9B-4900-A093-EB3D7F50AD5F}.Debug|Any CPU.Build.0 = Debug|Any CPU
		{C3676A64-0C9B-4900-A093-EB3D7F50AD5F}.Debug|x64.ActiveCfg = Debug|Any CPU
		{C3676A64-0C9B-4900-A093-EB3D7F50AD5F}.Debug|x64.Build.0 = Debug|Any CPU
		{C3676A64-0C9B-4900-A093-EB3D7F50AD5F}.Debug|x86.ActiveCfg = Debug|Any CPU
		{C3676A64-0C9B-4900-A093-EB3D7F50AD5F}.Debug|x86.Build.0 = Debug|Any CPU
		{C3676A64-0C9B-4900-A093-EB3D7F50AD5F}.Release|Any CPU.ActiveCfg = Release|Any CPU
		{C3676A64-0C9B-4900-A093-EB3D7F50AD5F}.Release|Any CPU.Build.0 = Release|Any CPU
		{C3676A64-0C9B-4900-A093-EB3D7F50AD5F}.Release|x64.ActiveCfg = Release|Any CPU
		{C3676A64-0C9B-4900-A093-EB3D7F50AD5F}.Release|x64.Build.0 = Release|Any CPU
		{C3676A64-0C9B-4900-A093-EB3D7F50AD5F}.Release|x86.ActiveCfg = Release|Any CPU
		{C3676A64-0C9B-4900-A093-EB3D7F50AD5F}.Release|x86.Build.0 = Release|Any CPU
		{8341791D-0317-4D1C-946F-BBED0F35D633}.Debug|Any CPU.ActiveCfg = Debug|Any CPU
		{8341791D-0317-4D1C-946F-BBED0F35D633}.Debug|Any CPU.Build.0 = Debug|Any CPU
		{8341791D-0317-4D1C-946F-BBED0F35D633}.Debug|x64.ActiveCfg = Debug|Any CPU
		{8341791D-0317-4D1C-946F-BBED0F35D633}.Debug|x64.Build.0 = Debug|Any CPU
		{8341791D-0317-4D1C-946F-BBED0F35D633}.Debug|x86.ActiveCfg = Debug|Any CPU
		{8341791D-0317-4D1C-946F-BBED0F35D633}.Debug|x86.Build.0 = Debug|Any CPU
		{8341791D-0317-4D1C-946F-BBED0F35D633}.Release|Any CPU.ActiveCfg = Release|Any CPU
		{8341791D-0317-4D1C-946F-BBED0F35D633}.Release|Any CPU.Build.0 = Release|Any CPU
		{8341791D-0317-4D1C-946F-BBED0F35D633}.Release|x64.ActiveCfg = Release|Any CPU
		{8341791D-0317-4D1C-946F-BBED0F35D633}.Release|x64.Build.0 = Release|Any CPU
		{8341791D-0317-4D1C-946F-BBED0F35D633}.Release|x86.ActiveCfg = Release|Any CPU
		{8341791D-0317-4D1C-946F-BBED0F35D633}.Release|x86.Build.0 = Release|Any CPU
		{CEEBAE03-3FE1-49E5-A140-3ED85B47D161}.Debug|Any CPU.ActiveCfg = Debug|Any CPU
		{CEEBAE03-3FE1-49E5-A140-3ED85B47D161}.Debug|Any CPU.Build.0 = Debug|Any CPU
		{CEEBAE03-3FE1-49E5-A140-3ED85B47D161}.Debug|x64.ActiveCfg = Debug|Any CPU
		{CEEBAE03-3FE1-49E5-A140-3ED85B47D161}.Debug|x64.Build.0 = Debug|Any CPU
		{CEEBAE03-3FE1-49E5-A140-3ED85B47D161}.Debug|x86.ActiveCfg = Debug|Any CPU
		{CEEBAE03-3FE1-49E5-A140-3ED85B47D161}.Debug|x86.Build.0 = Debug|Any CPU
		{CEEBAE03-3FE1-49E5-A140-3ED85B47D161}.Release|Any CPU.ActiveCfg = Release|Any CPU
		{CEEBAE03-3FE1-49E5-A140-3ED85B47D161}.Release|Any CPU.Build.0 = Release|Any CPU
		{CEEBAE03-3FE1-49E5-A140-3ED85B47D161}.Release|x64.ActiveCfg = Release|Any CPU
		{CEEBAE03-3FE1-49E5-A140-3ED85B47D161}.Release|x64.Build.0 = Release|Any CPU
		{CEEBAE03-3FE1-49E5-A140-3ED85B47D161}.Release|x86.ActiveCfg = Release|Any CPU
		{CEEBAE03-3FE1-49E5-A140-3ED85B47D161}.Release|x86.Build.0 = Release|Any CPU
	EndGlobalSection
	GlobalSection(SolutionProperties) = preSolution
		HideSolutionNode = FALSE
	EndGlobalSection
	GlobalSection(NestedProjects) = preSolution
		{3EBE7DA9-9A84-422F-BF5E-8D86CA7D9CAB} = {4D97161F-33E2-70A5-7AE2-3646E48F63EF}
		{7ECB9FD4-9953-46A3-ACA5-1945FA09250B} = {4D97161F-33E2-70A5-7AE2-3646E48F63EF}
		{DA136613-C283-4F75-BC31-8F579F7E85C0} = {4D97161F-33E2-70A5-7AE2-3646E48F63EF}
		{09CD3653-8253-4710-88C4-B382CBB847EE} = {4D97161F-33E2-70A5-7AE2-3646E48F63EF}
		{F9CCFF18-A3EB-4935-BA27-392018E1066E} = {4D97161F-33E2-70A5-7AE2-3646E48F63EF}
		{B2BE7312-FCC2-4CEF-9DE1-967AA3A76BEB} = {4D97161F-33E2-70A5-7AE2-3646E48F63EF}
		{C3676A64-0C9B-4900-A093-EB3D7F50AD5F} = {66526CE0-6C62-AD0A-FDC7-0CF249426FA0}
		{8341791D-0317-4D1C-946F-BBED0F35D633} = {66526CE0-6C62-AD0A-FDC7-0CF249426FA0}
		{CEEBAE03-3FE1-49E5-A140-3ED85B47D161} = {66526CE0-6C62-AD0A-FDC7-0CF249426FA0}
	EndGlobalSection
EndGlobal
